
Microsoft Visual Studio Solution File, Format Version 12.00
Project("{FAE04EC0-301F-11D3-BF4B-00C04F79EFBC}") = "VraiPseudoSae", "VraiPseudoSae\VraiPseudoSae.csproj", "{E7F08ECB-B08A-4DB4-A776-53608754C1CC}"
EndProject
Project("{FAE04EC0-301F-11D3-BF4B-00C04F79EFBC}") = "RetroHubUnitTest", "RetroHubUnitTest\RetroHubUnitTest.csproj", "{431F9E61-C276-43FE-BAA8-9E0FFEB3CAFF}"
EndProject
Global
	GlobalSection(SolutionConfigurationPlatforms) = preSolution
		Debug|Any CPU = Debug|Any CPU
		Release|Any CPU = Release|Any CPU
	EndGlobalSection
	GlobalSection(ProjectConfigurationPlatforms) = postSolution
		{E7F08ECB-B08A-4DB4-A776-53608754C1CC}.Debug|Any CPU.ActiveCfg = Debug|Any CPU
		{E7F08ECB-B08A-4DB4-A776-53608754C1CC}.Debug|Any CPU.Build.0 = Debug|Any CPU
		{E7F08ECB-B08A-4DB4-A776-53608754C1CC}.Release|Any CPU.ActiveCfg = Release|Any CPU
		{E7F08ECB-B08A-4DB4-A776-53608754C1CC}.Release|Any CPU.Build.0 = Release|Any CPU
		{431F9E61-C276-43FE-BAA8-9E0FFEB3CAFF}.Debug|Any CPU.ActiveCfg = Debug|Any CPU
		{431F9E61-C276-43FE-BAA8-9E0FFEB3CAFF}.Debug|Any CPU.Build.0 = Debug|Any CPU
		{431F9E61-C276-43FE-BAA8-9E0FFEB3CAFF}.Release|Any CPU.ActiveCfg = Release|Any CPU
		{431F9E61-C276-43FE-BAA8-9E0FFEB3CAFF}.Release|Any CPU.Build.0 = Release|Any CPU
	EndGlobalSection
EndGlobal
